
Microsoft Visual Studio Solution File, Format Version 12.00
# Visual Studio Version 17
VisualStudioVersion = 17.3.32929.385
MinimumVisualStudioVersion = 10.0.40219.1
Project("{FAE04EC0-301F-11D3-BF4B-00C04F79EFBC}") = "goodreads", "goodreads\goodreads.csproj", "{BE2E5F0E-B8B8-4042-BCFE-E6AA0651A5B5}"
EndProject
Global
	GlobalSection(SolutionConfigurationPlatforms) = preSolution
		Debug|Any CPU = Debug|Any CPU
		Release|Any CPU = Release|Any CPU
	EndGlobalSection
	GlobalSection(ProjectConfigurationPlatforms) = postSolution
		{BE2E5F0E-B8B8-4042-BCFE-E6AA0651A5B5}.Debug|Any CPU.ActiveCfg = Debug|Any CPU
		{BE2E5F0E-B8B8-4042-BCFE-E6AA0651A5B5}.Debug|Any CPU.Build.0 = Debug|Any CPU
		{BE2E5F0E-B8B8-4042-BCFE-E6AA0651A5B5}.Release|Any CPU.ActiveCfg = Release|Any CPU
		{BE2E5F0E-B8B8-4042-BCFE-E6AA0651A5B5}.Release|Any CPU.Build.0 = Release|Any CPU
	EndGlobalSection
	GlobalSection(SolutionProperties) = preSolution
		HideSolutionNode = FALSE
	EndGlobalSection
	GlobalSection(ExtensibilityGlobals) = postSolution
		SolutionGuid = {51FE125E-DC43-4657-AA6B-3A264E3A845B}
	EndGlobalSection
EndGlobal
